// !$*UTF8*$!
{
	archiveVersion = 1;
	classes = {
	};
	objectVersion = 48;
	objects = {

/* Begin PBXBuildFile section */
		9F7A3BF921352A00006281A7 /* AppDelegate.m in Sources */ = {isa = PBXBuildFile; fileRef = 9F7A3BF821352A00006281A7 /* AppDelegate.m */; };
		9F7A3BFC21352A00006281A7 /* ViewController.m in Sources */ = {isa = PBXBuildFile; fileRef = 9F7A3BFB21352A00006281A7 /* ViewController.m */; };
		9F7A3BFF21352A00006281A7 /* Main.storyboard in Resources */ = {isa = PBXBuildFile; fileRef = 9F7A3BFD21352A00006281A7 /* Main.storyboard */; };
		9F7A3C0121352A00006281A7 /* Assets.xcassets in Resources */ = {isa = PBXBuildFile; fileRef = 9F7A3C0021352A00006281A7 /* Assets.xcassets */; };
		9F7A3C0421352A00006281A7 /* LaunchScreen.storyboard in Resources */ = {isa = PBXBuildFile; fileRef = 9F7A3C0221352A00006281A7 /* LaunchScreen.storyboard */; };
		9F7A3C0721352A00006281A7 /* main.m in Sources */ = {isa = PBXBuildFile; fileRef = 9F7A3C0621352A00006281A7 /* main.m */; };
		9F7A3C0F213533F7006281A7 /* UIView+CornerRadius.m in Sources */ = {isa = PBXBuildFile; fileRef = 9F7A3C0D213533F7006281A7 /* UIView+CornerRadius.m */; };
		9FFAEB01213639FF0097CAF6 /* UIView+Removable.m in Sources */ = {isa = PBXBuildFile; fileRef = 9FFAEB00213639FF0097CAF6 /* UIView+Removable.m */; };
		9FFAEB0521364A160097CAF6 /* AttachmentVC.m in Sources */ = {isa = PBXBuildFile; fileRef = 9FFAEB0421364A160097CAF6 /* AttachmentVC.m */; };
		9FFAEB0D213652170097CAF6 /* GravityVC.m in Sources */ = {isa = PBXBuildFile; fileRef = 9FFAEB0C213652170097CAF6 /* GravityVC.m */; };
		9FFAEB10213670540097CAF6 /* CollisionVC.m in Sources */ = {isa = PBXBuildFile; fileRef = 9FFAEB0F213670540097CAF6 /* CollisionVC.m */; };
		9FFAEB13213672020097CAF6 /* PushVC.m in Sources */ = {isa = PBXBuildFile; fileRef = 9FFAEB12213672020097CAF6 /* PushVC.m */; };
		9FFAEB16213673160097CAF6 /* SnapVC.m in Sources */ = {isa = PBXBuildFile; fileRef = 9FFAEB15213673160097CAF6 /* SnapVC.m */; };
		9FFAEB1A213676710097CAF6 /* AllVC.m in Sources */ = {isa = PBXBuildFile; fileRef = 9FFAEB19213676710097CAF6 /* AllVC.m */; };
/* End PBXBuildFile section */

/* Begin PBXFileReference section */
		9F7A3BF421352A00006281A7 /* test1.app */ = {isa = PBXFileReference; explicitFileType = wrapper.application; includeInIndex = 0; path = test1.app; sourceTree = BUILT_PRODUCTS_DIR; };
		9F7A3BF721352A00006281A7 /* AppDelegate.h */ = {isa = PBXFileReference; lastKnownFileType = sourcecode.c.h; path = AppDelegate.h; sourceTree = "<group>"; };
		9F7A3BF821352A00006281A7 /* AppDelegate.m */ = {isa = PBXFileReference; lastKnownFileType = sourcecode.c.objc; path = AppDelegate.m; sourceTree = "<group>"; };
		9F7A3BFA21352A00006281A7 /* ViewController.h */ = {isa = PBXFileReference; lastKnownFileType = sourcecode.c.h; path = ViewController.h; sourceTree = "<group>"; };
		9F7A3BFB21352A00006281A7 /* ViewController.m */ = {isa = PBXFileReference; lastKnownFileType = sourcecode.c.objc; path = ViewController.m; sourceTree = "<group>"; };
		9F7A3BFE21352A00006281A7 /* Base */ = {isa = PBXFileReference; lastKnownFileType = file.storyboard; name = Base; path = Base.lproj/Main.storyboard; sourceTree = "<group>"; };
		9F7A3C0021352A00006281A7 /* Assets.xcassets */ = {isa = PBXFileReference; lastKnownFileType = folder.assetcatalog; path = Assets.xcassets; sourceTree = "<group>"; };
		9F7A3C0321352A00006281A7 /* Base */ = {isa = PBXFileReference; lastKnownFileType = file.storyboard; name = Base; path = Base.lproj/LaunchScreen.storyboard; sourceTree = "<group>"; };
		9F7A3C0521352A00006281A7 /* Info.plist */ = {isa = PBXFileReference; lastKnownFileType = text.plist.xml; path = Info.plist; sourceTree = "<group>"; };
		9F7A3C0621352A00006281A7 /* main.m */ = {isa = PBXFileReference; lastKnownFileType = sourcecode.c.objc; path = main.m; sourceTree = "<group>"; };
		9F7A3C0D213533F7006281A7 /* UIView+CornerRadius.m */ = {isa = PBXFileReference; fileEncoding = 4; lastKnownFileType = sourcecode.c.objc; path = "UIView+CornerRadius.m"; sourceTree = "<group>"; };
		9F7A3C0E213533F7006281A7 /* UIView+CornerRadius.h */ = {isa = PBXFileReference; fileEncoding = 4; lastKnownFileType = sourcecode.c.h; path = "UIView+CornerRadius.h"; sourceTree = "<group>"; };
		9FFAEAFF213639FF0097CAF6 /* UIView+Removable.h */ = {isa = PBXFileReference; lastKnownFileType = sourcecode.c.h; path = "UIView+Removable.h"; sourceTree = "<group>"; };
		9FFAEB00213639FF0097CAF6 /* UIView+Removable.m */ = {isa = PBXFileReference; lastKnownFileType = sourcecode.c.objc; path = "UIView+Removable.m"; sourceTree = "<group>"; };
		9FFAEB0321364A160097CAF6 /* AttachmentVC.h */ = {isa = PBXFileReference; lastKnownFileType = sourcecode.c.h; path = AttachmentVC.h; sourceTree = "<group>"; };
		9FFAEB0421364A160097CAF6 /* AttachmentVC.m */ = {isa = PBXFileReference; lastKnownFileType = sourcecode.c.objc; path = AttachmentVC.m; sourceTree = "<group>"; };
		9FFAEB0B213652170097CAF6 /* GravityVC.h */ = {isa = PBXFileReference; lastKnownFileType = sourcecode.c.h; path = GravityVC.h; sourceTree = "<group>"; };
		9FFAEB0C213652170097CAF6 /* GravityVC.m */ = {isa = PBXFileReference; lastKnownFileType = sourcecode.c.objc; path = GravityVC.m; sourceTree = "<group>"; };
		9FFAEB0E213670540097CAF6 /* CollisionVC.h */ = {isa = PBXFileReference; lastKnownFileType = sourcecode.c.h; path = CollisionVC.h; sourceTree = "<group>"; };
		9FFAEB0F213670540097CAF6 /* CollisionVC.m */ = {isa = PBXFileReference; lastKnownFileType = sourcecode.c.objc; path = CollisionVC.m; sourceTree = "<group>"; };
		9FFAEB11213672020097CAF6 /* PushVC.h */ = {isa = PBXFileReference; lastKnownFileType = sourcecode.c.h; path = PushVC.h; sourceTree = "<group>"; };
		9FFAEB12213672020097CAF6 /* PushVC.m */ = {isa = PBXFileReference; lastKnownFileType = sourcecode.c.objc; path = PushVC.m; sourceTree = "<group>"; };
		9FFAEB14213673160097CAF6 /* SnapVC.h */ = {isa = PBXFileReference; lastKnownFileType = sourcecode.c.h; path = SnapVC.h; sourceTree = "<group>"; };
		9FFAEB15213673160097CAF6 /* SnapVC.m */ = {isa = PBXFileReference; lastKnownFileType = sourcecode.c.objc; path = SnapVC.m; sourceTree = "<group>"; };
		9FFAEB18213676710097CAF6 /* AllVC.h */ = {isa = PBXFileReference; lastKnownFileType = sourcecode.c.h; path = AllVC.h; sourceTree = "<group>"; };
		9FFAEB19213676710097CAF6 /* AllVC.m */ = {isa = PBXFileReference; lastKnownFileType = sourcecode.c.objc; path = AllVC.m; sourceTree = "<group>"; };
/* End PBXFileReference section */

/* Begin PBXFrameworksBuildPhase section */
		9F7A3BF121352A00006281A7 /* Frameworks */ = {
			isa = PBXFrameworksBuildPhase;
			buildActionMask = 2147483647;
			files = (
			);
			runOnlyForDeploymentPostprocessing = 0;
		};
/* End PBXFrameworksBuildPhase section */

/* Begin PBXGroup section */
		9F7A3BEB21352A00006281A7 = {
			isa = PBXGroup;
			children = (
				9F7A3BF621352A00006281A7 /* test1 */,
				9F7A3BF521352A00006281A7 /* Products */,
			);
			sourceTree = "<group>";
		};
		9F7A3BF521352A00006281A7 /* Products */ = {
			isa = PBXGroup;
			children = (
				9F7A3BF421352A00006281A7 /* test1.app */,
			);
			name = Products;
			sourceTree = "<group>";
		};
		9F7A3BF621352A00006281A7 /* test1 */ = {
			isa = PBXGroup;
			children = (
				9F7A3BF721352A00006281A7 /* AppDelegate.h */,
				9F7A3BF821352A00006281A7 /* AppDelegate.m */,
				9F7A3BFA21352A00006281A7 /* ViewController.h */,
				9F7A3BFB21352A00006281A7 /* ViewController.m */,
				9FFAEB172136763A0097CAF6 /* All */,
				9FFAEB0A21364C900097CAF6 /* tool */,
				9FFAEB0921364C740097CAF6 /* push */,
				9FFAEB0821364C680097CAF6 /* snap */,
				9FFAEB0721364C590097CAF6 /* collision */,
				9FFAEB0621364C480097CAF6 /* gravity */,
				9FFAEB02213649F70097CAF6 /* attachmentBehavior */,
				9F7A3BFD21352A00006281A7 /* Main.storyboard */,
				9F7A3C0021352A00006281A7 /* Assets.xcassets */,
				9F7A3C0221352A00006281A7 /* LaunchScreen.storyboard */,
				9F7A3C0521352A00006281A7 /* Info.plist */,
				9F7A3C0621352A00006281A7 /* main.m */,
			);
			path = test1;
			sourceTree = "<group>";
		};
		9FFAEB02213649F70097CAF6 /* attachmentBehavior */ = {
			isa = PBXGroup;
			children = (
				9FFAEB0321364A160097CAF6 /* AttachmentVC.h */,
				9FFAEB0421364A160097CAF6 /* AttachmentVC.m */,
			);
			path = attachmentBehavior;
			sourceTree = "<group>";
		};
		9FFAEB0621364C480097CAF6 /* gravity */ = {
			isa = PBXGroup;
			children = (
				9FFAEB0B213652170097CAF6 /* GravityVC.h */,
				9FFAEB0C213652170097CAF6 /* GravityVC.m */,
			);
			path = gravity;
			sourceTree = "<group>";
		};
		9FFAEB0721364C590097CAF6 /* collision */ = {
			isa = PBXGroup;
			children = (
				9FFAEB0E213670540097CAF6 /* CollisionVC.h */,
				9FFAEB0F213670540097CAF6 /* CollisionVC.m */,
			);
			path = collision;
			sourceTree = "<group>";
		};
		9FFAEB0821364C680097CAF6 /* snap */ = {
			isa = PBXGroup;
			children = (
				9FFAEB14213673160097CAF6 /* SnapVC.h */,
				9FFAEB15213673160097CAF6 /* SnapVC.m */,
			);
			path = snap;
			sourceTree = "<group>";
		};
		9FFAEB0921364C740097CAF6 /* push */ = {
			isa = PBXGroup;
			children = (
				9FFAEB11213672020097CAF6 /* PushVC.h */,
				9FFAEB12213672020097CAF6 /* PushVC.m */,
			);
			path = push;
			sourceTree = "<group>";
		};
		9FFAEB0A21364C900097CAF6 /* tool */ = {
			isa = PBXGroup;
			children = (
				9F7A3C0E213533F7006281A7 /* UIView+CornerRadius.h */,
				9F7A3C0D213533F7006281A7 /* UIView+CornerRadius.m */,
				9FFAEAFF213639FF0097CAF6 /* UIView+Removable.h */,
				9FFAEB00213639FF0097CAF6 /* UIView+Removable.m */,
			);
			path = tool;
			sourceTree = "<group>";
		};
		9FFAEB172136763A0097CAF6 /* All */ = {
			isa = PBXGroup;
			children = (
				9FFAEB18213676710097CAF6 /* AllVC.h */,
				9FFAEB19213676710097CAF6 /* AllVC.m */,
			);
			path = All;
			sourceTree = "<group>";
		};
/* End PBXGroup section */

/* Begin PBXNativeTarget section */
		9F7A3BF321352A00006281A7 /* test1 */ = {
			isa = PBXNativeTarget;
			buildConfigurationList = 9F7A3C0A21352A00006281A7 /* Build configuration list for PBXNativeTarget "test1" */;
			buildPhases = (
				9F7A3BF021352A00006281A7 /* Sources */,
				9F7A3BF121352A00006281A7 /* Frameworks */,
				9F7A3BF221352A00006281A7 /* Resources */,
			);
			buildRules = (
			);
			dependencies = (
			);
			name = test1;
			productName = test1;
			productReference = 9F7A3BF421352A00006281A7 /* test1.app */;
			productType = "com.apple.product-type.application";
		};
/* End PBXNativeTarget section */

/* Begin PBXProject section */
		9F7A3BEC21352A00006281A7 /* Project object */ = {
			isa = PBXProject;
			attributes = {
				LastUpgradeCheck = 0920;
				ORGANIZATIONNAME = Peyton;
				TargetAttributes = {
					9F7A3BF321352A00006281A7 = {
						CreatedOnToolsVersion = 9.2;
						ProvisioningStyle = Automatic;
					};
				};
			};
			buildConfigurationList = 9F7A3BEF21352A00006281A7 /* Build configuration list for PBXProject "test1" */;
			compatibilityVersion = "Xcode 8.0";
			developmentRegion = en;
			hasScannedForEncodings = 0;
			knownRegions = (
				en,
				Base,
			);
			mainGroup = 9F7A3BEB21352A00006281A7;
			productRefGroup = 9F7A3BF521352A00006281A7 /* Products */;
			projectDirPath = "";
			projectRoot = "";
			targets = (
				9F7A3BF321352A00006281A7 /* test1 */,
			);
		};
/* End PBXProject section */

/* Begin PBXResourcesBuildPhase section */
		9F7A3BF221352A00006281A7 /* Resources */ = {
			isa = PBXResourcesBuildPhase;
			buildActionMask = 2147483647;
			files = (
				9F7A3C0421352A00006281A7 /* LaunchScreen.storyboard in Resources */,
				9F7A3C0121352A00006281A7 /* Assets.xcassets in Resources */,
				9F7A3BFF21352A00006281A7 /* Main.storyboard in Resources */,
			);
			runOnlyForDeploymentPostprocessing = 0;
		};
/* End PBXResourcesBuildPhase section */

/* Begin PBXSourcesBuildPhase section */
		9F7A3BF021352A00006281A7 /* Sources */ = {
			isa = PBXSourcesBuildPhase;
			buildActionMask = 2147483647;
			files = (
				9FFAEB01213639FF0097CAF6 /* UIView+Removable.m in Sources */,
				9FFAEB1A213676710097CAF6 /* AllVC.m in Sources */,
				9FFAEB0521364A160097CAF6 /* AttachmentVC.m in Sources */,
				9F7A3BFC21352A00006281A7 /* ViewController.m in Sources */,
				9FFAEB13213672020097CAF6 /* PushVC.m in Sources */,
				9F7A3C0F213533F7006281A7 /* UIView+CornerRadius.m in Sources */,
				9F7A3C0721352A00006281A7 /* main.m in Sources */,
				9FFAEB10213670540097CAF6 /* CollisionVC.m in Sources */,
				9F7A3BF921352A00006281A7 /* AppDelegate.m in Sources */,
				9FFAEB16213673160097CAF6 /* SnapVC.m in Sources */,
				9FFAEB0D213652170097CAF6 /* GravityVC.m in Sources */,
			);
			runOnlyForDeploymentPostprocessing = 0;
		};
/* End PBXSourcesBuildPhase section */

/* Begin PBXVariantGroup section */
		9F7A3BFD21352A00006281A7 /* Main.storyboard */ = {
			isa = PBXVariantGroup;
			children = (
				9F7A3BFE21352A00006281A7 /* Base */,
			);
			name = Main.storyboard;
			sourceTree = "<group>";
		};
		9F7A3C0221352A00006281A7 /* LaunchScreen.storyboard */ = {
			isa = PBXVariantGroup;
			children = (
				9F7A3C0321352A00006281A7 /* Base */,
			);
			name = LaunchScreen.storyboard;
			sourceTree = "<group>";
		};
/* End PBXVariantGroup section */

/* Begin XCBuildConfiguration section */
		9F7A3C0821352A00006281A7 /* Debug */ = {
			isa = XCBuildConfiguration;
			buildSettings = {
				ALWAYS_SEARCH_USER_PATHS = NO;
				CLANG_ANALYZER_NONNULL = YES;
				CLANG_ANALYZER_NUMBER_OBJECT_CONVERSION = YES_AGGRESSIVE;
				CLANG_CXX_LANGUAGE_STANDARD = "gnu++14";
				CLANG_CXX_LIBRARY = "libc++";
				CLANG_ENABLE_MODULES = YES;
				CLANG_ENABLE_OBJC_ARC = YES;
				CLANG_WARN_BLOCK_CAPTURE_AUTORELEASING = YES;
				CLANG_WARN_BOOL_CONVERSION = YES;
				CLANG_WARN_COMMA = YES;
				CLANG_WARN_CONSTANT_CONVERSION = YES;
				CLANG_WARN_DIRECT_OBJC_ISA_USAGE = YES_ERROR;
				CLANG_WARN_DOCUMENTATION_COMMENTS = YES;
				CLANG_WARN_EMPTY_BODY = YES;
				CLANG_WARN_ENUM_CONVERSION = YES;
				CLANG_WARN_INFINITE_RECURSION = YES;
				CLANG_WARN_INT_CONVERSION = YES;
				CLANG_WARN_NON_LITERAL_NULL_CONVERSION = YES;
				CLANG_WARN_OBJC_LITERAL_CONVERSION = YES;
				CLANG_WARN_OBJC_ROOT_CLASS = YES_ERROR;
				CLANG_WARN_RANGE_LOOP_ANALYSIS = YES;
				CLANG_WARN_STRICT_PROTOTYPES = YES;
				CLANG_WARN_SUSPICIOUS_MOVE = YES;
				CLANG_WARN_UNGUARDED_AVAILABILITY = YES_AGGRESSIVE;
				CLANG_WARN_UNREACHABLE_CODE = YES;
				CLANG_WARN__DUPLICATE_METHOD_MATCH = YES;
				CODE_SIGN_IDENTITY = "iPhone Developer";
				COPY_PHASE_STRIP = NO;
				DEBUG_INFORMATION_FORMAT = dwarf;
				ENABLE_STRICT_OBJC_MSGSEND = YES;
				ENABLE_TESTABILITY = YES;
				GCC_C_LANGUAGE_STANDARD = gnu11;
				GCC_DYNAMIC_NO_PIC = NO;
				GCC_NO_COMMON_BLOCKS = YES;
				GCC_OPTIMIZATION_LEVEL = 0;
				GCC_PREPROCESSOR_DEFINITIONS = (
					"DEBUG=1",
					"$(inherited)",
				);
				GCC_WARN_64_TO_32_BIT_CONVERSION = YES;
				GCC_WARN_ABOUT_RETURN_TYPE = YES_ERROR;
				GCC_WARN_UNDECLARED_SELECTOR = YES;
				GCC_WARN_UNINITIALIZED_AUTOS = YES_AGGRESSIVE;
				GCC_WARN_UNUSED_FUNCTION = YES;
				GCC_WARN_UNUSED_VARIABLE = YES;
				IPHONEOS_DEPLOYMENT_TARGET = 11.2;
				MTL_ENABLE_DEBUG_INFO = YES;
				ONLY_ACTIVE_ARCH = YES;
				SDKROOT = iphoneos;
			};
			name = Debug;
		};
		9F7A3C0921352A00006281A7 /* Release */ = {
			isa = XCBuildConfiguration;
			buildSettings = {
				ALWAYS_SEARCH_USER_PATHS = NO;
				CLANG_ANALYZER_NONNULL = YES;
				CLANG_ANALYZER_NUMBER_OBJECT_CONVERSION = YES_AGGRESSIVE;
				CLANG_CXX_LANGUAGE_STANDARD = "gnu++14";
				CLANG_CXX_LIBRARY = "libc++";
				CLANG_ENABLE_MODULES = YES;
				CLANG_ENABLE_OBJC_ARC = YES;
				CLANG_WARN_BLOCK_CAPTURE_AUTORELEASING = YES;
				CLANG_WARN_BOOL_CONVERSION = YES;
				CLANG_WARN_COMMA = YES;
				CLANG_WARN_CONSTANT_CONVERSION = YES;
				CLANG_WARN_DIRECT_OBJC_ISA_USAGE = YES_ERROR;
				CLANG_WARN_DOCUMENTATION_COMMENTS = YES;
				CLANG_WARN_EMPTY_BODY = YES;
				CLANG_WARN_ENUM_CONVERSION = YES;
				CLANG_WARN_INFINITE_RECURSION = YES;
				CLANG_WARN_INT_CONVERSION = YES;
				CLANG_WARN_NON_LITERAL_NULL_CONVERSION = YES;
				CLANG_WARN_OBJC_LITERAL_CONVERSION = YES;
				CLANG_WARN_OBJC_ROOT_CLASS = YES_ERROR;
				CLANG_WARN_RANGE_LOOP_ANALYSIS = YES;
				CLANG_WARN_STRICT_PROTOTYPES = YES;
				CLANG_WARN_SUSPICIOUS_MOVE = YES;
				CLANG_WARN_UNGUARDED_AVAILABILITY = YES_AGGRESSIVE;
				CLANG_WARN_UNREACHABLE_CODE = YES;
				CLANG_WARN__DUPLICATE_METHOD_MATCH = YES;
				CODE_SIGN_IDENTITY = "iPhone Developer";
				COPY_PHASE_STRIP = NO;
				DEBUG_INFORMATION_FORMAT = "dwarf-with-dsym";
				ENABLE_NS_ASSERTIONS = NO;
				ENABLE_STRICT_OBJC_MSGSEND = YES;
				GCC_C_LANGUAGE_STANDARD = gnu11;
				GCC_NO_COMMON_BLOCKS = YES;
				GCC_WARN_64_TO_32_BIT_CONVERSION = YES;
				GCC_WARN_ABOUT_RETURN_TYPE = YES_ERROR;
				GCC_WARN_UNDECLARED_SELECTOR = YES;
				GCC_WARN_UNINITIALIZED_AUTOS = YES_AGGRESSIVE;
				GCC_WARN_UNUSED_FUNCTION = YES;
				GCC_WARN_UNUSED_VARIABLE = YES;
				IPHONEOS_DEPLOYMENT_TARGET = 11.2;
				MTL_ENABLE_DEBUG_INFO = NO;
				SDKROOT = iphoneos;
				VALIDATE_PRODUCT = YES;
			};
			name = Release;
		};
		9F7A3C0B21352A00006281A7 /* Debug */ = {
			isa = XCBuildConfiguration;
			buildSettings = {
				ASSETCATALOG_COMPILER_APPICON_NAME = AppIcon;
				CODE_SIGN_STYLE = Automatic;
				DEVELOPMENT_TEAM = 47A3N54MRY;
				INFOPLIST_FILE = test1/Info.plist;
				IPHONEOS_DEPLOYMENT_TARGET = 9.0;
				LD_RUNPATH_SEARCH_PATHS = "$(inherited) @executable_path/Frameworks";
				PRODUCT_BUNDLE_IDENTIFIER = com.Peyton.test1;
				PRODUCT_NAME = "$(TARGET_NAME)";
				TARGETED_DEVICE_FAMILY = "1,2";
			};
			name = Debug;
		};
		9F7A3C0C21352A00006281A7 /* Release */ = {
			isa = XCBuildConfiguration;
			buildSettings = {
				ASSETCATALOG_COMPILER_APPICON_NAME = AppIcon;
				CODE_SIGN_STYLE = Automatic;
				DEVELOPMENT_TEAM = 47A3N54MRY;
				INFOPLIST_FILE = test1/Info.plist;
				IPHONEOS_DEPLOYMENT_TARGET = 9.0;
				LD_RUNPATH_SEARCH_PATHS = "$(inherited) @executable_path/Frameworks";
				PRODUCT_BUNDLE_IDENTIFIER = com.Peyton.test1;
				PRODUCT_NAME = "$(TARGET_NAME)";
				TARGETED_DEVICE_FAMILY = "1,2";
			};
			name = Release;
		};
/* End XCBuildConfiguration section */

/* Begin XCConfigurationList section */
		9F7A3BEF21352A00006281A7 /* Build configuration list for PBXProject "test1" */ = {
			isa = XCConfigurationList;
			buildConfigurations = (
				9F7A3C0821352A00006281A7 /* Debug */,
				9F7A3C0921352A00006281A7 /* Release */,
			);
			defaultConfigurationIsVisible = 0;
			defaultConfigurationName = Release;
		};
		9F7A3C0A21352A00006281A7 /* Build configuration list for PBXNativeTarget "test1" */ = {
			isa = XCConfigurationList;
			buildConfigurations = (
				9F7A3C0B21352A00006281A7 /* Debug */,
				9F7A3C0C21352A00006281A7 /* Release */,
			);
			defaultConfigurationIsVisible = 0;
			defaultConfigurationName = Release;
		};
/* End XCConfigurationList section */
	};
	rootObject = 9F7A3BEC21352A00006281A7 /* Project object */;
}
